
Microsoft Visual Studio Solution File, Format Version 12.00
# Visual Studio Version 17
VisualStudioVersion = 17.0.31903.59
MinimumVisualStudioVersion = 10.0.40219.1
Project("{2150E333-8FDC-42A3-9474-1A3956D46DE8}") = "src", "src", "{A29820A7-6160-449B-9066-E15E89E16C84}"
EndProject
Project("{FAE04EC0-301F-11D3-BF4B-00C04F79EFBC}") = "Domain", "src\Domain\Domain.csproj", "{7DD6F12E-C458-471F-870B-1F864CD6CA1B}"
EndProject
Project("{FAE04EC0-301F-11D3-BF4B-00C04F79EFBC}") = "Api", "src\Api\Api.csproj", "{ED1B2CE3-F468-4FFD-89F6-6461A9D1EC83}"
EndProject
Project("{2150E333-8FDC-42A3-9474-1A3956D46DE8}") = "tests", "tests", "{844D94A4-415C-4F14-ABC5-5A938DD2CEB1}"
EndProject
Project("{FAE04EC0-301F-11D3-BF4B-00C04F79EFBC}") = "Domain.Tests", "tests\Domain.Tests\Domain.Tests.csproj", "{4B1B7C15-D6FD-4A80-83E5-77F1C038C120}"
EndProject
Global
	GlobalSection(SolutionConfigurationPlatforms) = preSolution
		Debug|Any CPU = Debug|Any CPU
		Release|Any CPU = Release|Any CPU
	EndGlobalSection
	GlobalSection(ProjectConfigurationPlatforms) = postSolution
		{7DD6F12E-C458-471F-870B-1F864CD6CA1B}.Debug|Any CPU.ActiveCfg = Debug|Any CPU
		{7DD6F12E-C458-471F-870B-1F864CD6CA1B}.Debug|Any CPU.Build.0 = Debug|Any CPU
		{7DD6F12E-C458-471F-870B-1F864CD6CA1B}.Release|Any CPU.ActiveCfg = Release|Any CPU
		{7DD6F12E-C458-471F-870B-1F864CD6CA1B}.Release|Any CPU.Build.0 = Release|Any CPU
		{ED1B2CE3-F468-4FFD-89F6-6461A9D1EC83}.Debug|Any CPU.ActiveCfg = Debug|Any CPU
		{ED1B2CE3-F468-4FFD-89F6-6461A9D1EC83}.Debug|Any CPU.Build.0 = Debug|Any CPU
		{ED1B2CE3-F468-4FFD-89F6-6461A9D1EC83}.Release|Any CPU.ActiveCfg = Release|Any CPU
		{ED1B2CE3-F468-4FFD-89F6-6461A9D1EC83}.Release|Any CPU.Build.0 = Release|Any CPU
		{4B1B7C15-D6FD-4A80-83E5-77F1C038C120}.Debug|Any CPU.ActiveCfg = Debug|Any CPU
		{4B1B7C15-D6FD-4A80-83E5-77F1C038C120}.Debug|Any CPU.Build.0 = Debug|Any CPU
		{4B1B7C15-D6FD-4A80-83E5-77F1C038C120}.Release|Any CPU.ActiveCfg = Release|Any CPU
		{4B1B7C15-D6FD-4A80-83E5-77F1C038C120}.Release|Any CPU.Build.0 = Release|Any CPU
	EndGlobalSection
	GlobalSection(SolutionProperties) = preSolution
		HideSolutionNode = FALSE
	EndGlobalSection
	GlobalSection(NestedProjects) = preSolution
		{7DD6F12E-C458-471F-870B-1F864CD6CA1B} = {A29820A7-6160-449B-9066-E15E89E16C84}
		{ED1B2CE3-F468-4FFD-89F6-6461A9D1EC83} = {A29820A7-6160-449B-9066-E15E89E16C84}
		{4B1B7C15-D6FD-4A80-83E5-77F1C038C120} = {844D94A4-415C-4F14-ABC5-5A938DD2CEB1}
	EndGlobalSection
EndGlobal
