
Microsoft Visual Studio Solution File, Format Version 12.00
# Visual Studio Version 17
VisualStudioVersion = 17.0.31903.59
MinimumVisualStudioVersion = 10.0.40219.1
Project("{2150E333-8FDC-42A3-9474-1A3956D46DE8}") = "src", "src", "{A29820A7-6160-449B-9066-E15E89E16C84}"
EndProject
Project("{FAE04EC0-301F-11D3-BF4B-00C04F79EFBC}") = "Domain", "src\Domain\Domain.csproj", "{7DD6F12E-C458-471F-870B-1F864CD6CA1B}"
EndProject
Project("{FAE04EC0-301F-11D3-BF4B-00C04F79EFBC}") = "Api", "src\Api\Api.csproj", "{ED1B2CE3-F468-4FFD-89F6-6461A9D1EC83}"
EndProject
Project("{FAE04EC0-301F-11D3-BF4B-00C04F79EFBC}") = "Presentation", "src\Presentation\Presentation.csproj", "{0772E33F-95D9-42B9-9D41-3DA96D13B1BC}"
EndProject
Project("{FAE04EC0-301F-11D3-BF4B-00C04F79EFBC}") = "Application", "src\Application\Application.csproj", "{D4F95A11-4EB5-4208-AC32-56F9A08641D8}"
EndProject
Project("{2150E333-8FDC-42A3-9474-1A3956D46DE8}") = "tests", "tests", "{D168E9FA-5429-444F-A75A-EAA94B519A9C}"
EndProject
Project("{FAE04EC0-301F-11D3-BF4B-00C04F79EFBC}") = "Domain.Tests", "tests\Domain.Tests\Domain.Tests.csproj", "{41046DAD-A9F0-48B7-9C15-BEEF2DD7DA62}"
EndProject
Project("{FAE04EC0-301F-11D3-BF4B-00C04F79EFBC}") = "Helpers", "tests\Helpers\Helpers.csproj", "{78DB09CE-CF8A-42C8-9027-82C598130BD4}"
EndProject
Project("{FAE04EC0-301F-11D3-BF4B-00C04F79EFBC}") = "Presentation.Tests", "tests\Presentation.Tests\Presentation.Tests.csproj", "{C1E87809-66CE-4D79-8EF9-8567134F4F38}"
EndProject
Global
	GlobalSection(SolutionConfigurationPlatforms) = preSolution
		Debug|Any CPU = Debug|Any CPU
		Release|Any CPU = Release|Any CPU
	EndGlobalSection
	GlobalSection(ProjectConfigurationPlatforms) = postSolution
		{7DD6F12E-C458-471F-870B-1F864CD6CA1B}.Debug|Any CPU.ActiveCfg = Debug|Any CPU
		{7DD6F12E-C458-471F-870B-1F864CD6CA1B}.Debug|Any CPU.Build.0 = Debug|Any CPU
		{7DD6F12E-C458-471F-870B-1F864CD6CA1B}.Release|Any CPU.ActiveCfg = Release|Any CPU
		{7DD6F12E-C458-471F-870B-1F864CD6CA1B}.Release|Any CPU.Build.0 = Release|Any CPU
		{ED1B2CE3-F468-4FFD-89F6-6461A9D1EC83}.Debug|Any CPU.ActiveCfg = Debug|Any CPU
		{ED1B2CE3-F468-4FFD-89F6-6461A9D1EC83}.Debug|Any CPU.Build.0 = Debug|Any CPU
		{ED1B2CE3-F468-4FFD-89F6-6461A9D1EC83}.Release|Any CPU.ActiveCfg = Release|Any CPU
		{ED1B2CE3-F468-4FFD-89F6-6461A9D1EC83}.Release|Any CPU.Build.0 = Release|Any CPU
		{0772E33F-95D9-42B9-9D41-3DA96D13B1BC}.Debug|Any CPU.ActiveCfg = Debug|Any CPU
		{0772E33F-95D9-42B9-9D41-3DA96D13B1BC}.Debug|Any CPU.Build.0 = Debug|Any CPU
		{0772E33F-95D9-42B9-9D41-3DA96D13B1BC}.Release|Any CPU.ActiveCfg = Release|Any CPU
		{0772E33F-95D9-42B9-9D41-3DA96D13B1BC}.Release|Any CPU.Build.0 = Release|Any CPU
		{D4F95A11-4EB5-4208-AC32-56F9A08641D8}.Debug|Any CPU.ActiveCfg = Debug|Any CPU
		{D4F95A11-4EB5-4208-AC32-56F9A08641D8}.Debug|Any CPU.Build.0 = Debug|Any CPU
		{D4F95A11-4EB5-4208-AC32-56F9A08641D8}.Release|Any CPU.ActiveCfg = Release|Any CPU
		{D4F95A11-4EB5-4208-AC32-56F9A08641D8}.Release|Any CPU.Build.0 = Release|Any CPU
		{41046DAD-A9F0-48B7-9C15-BEEF2DD7DA62}.Debug|Any CPU.ActiveCfg = Debug|Any CPU
		{41046DAD-A9F0-48B7-9C15-BEEF2DD7DA62}.Debug|Any CPU.Build.0 = Debug|Any CPU
		{41046DAD-A9F0-48B7-9C15-BEEF2DD7DA62}.Release|Any CPU.ActiveCfg = Release|Any CPU
		{41046DAD-A9F0-48B7-9C15-BEEF2DD7DA62}.Release|Any CPU.Build.0 = Release|Any CPU
		{78DB09CE-CF8A-42C8-9027-82C598130BD4}.Debug|Any CPU.ActiveCfg = Debug|Any CPU
		{78DB09CE-CF8A-42C8-9027-82C598130BD4}.Debug|Any CPU.Build.0 = Debug|Any CPU
		{78DB09CE-CF8A-42C8-9027-82C598130BD4}.Release|Any CPU.ActiveCfg = Release|Any CPU
		{78DB09CE-CF8A-42C8-9027-82C598130BD4}.Release|Any CPU.Build.0 = Release|Any CPU
		{C1E87809-66CE-4D79-8EF9-8567134F4F38}.Debug|Any CPU.ActiveCfg = Debug|Any CPU
		{C1E87809-66CE-4D79-8EF9-8567134F4F38}.Debug|Any CPU.Build.0 = Debug|Any CPU
		{C1E87809-66CE-4D79-8EF9-8567134F4F38}.Release|Any CPU.ActiveCfg = Release|Any CPU
		{C1E87809-66CE-4D79-8EF9-8567134F4F38}.Release|Any CPU.Build.0 = Release|Any CPU
	EndGlobalSection
	GlobalSection(SolutionProperties) = preSolution
		HideSolutionNode = FALSE
	EndGlobalSection
	GlobalSection(NestedProjects) = preSolution
		{7DD6F12E-C458-471F-870B-1F864CD6CA1B} = {A29820A7-6160-449B-9066-E15E89E16C84}
		{ED1B2CE3-F468-4FFD-89F6-6461A9D1EC83} = {A29820A7-6160-449B-9066-E15E89E16C84}
		{0772E33F-95D9-42B9-9D41-3DA96D13B1BC} = {A29820A7-6160-449B-9066-E15E89E16C84}
		{D4F95A11-4EB5-4208-AC32-56F9A08641D8} = {A29820A7-6160-449B-9066-E15E89E16C84}
		{41046DAD-A9F0-48B7-9C15-BEEF2DD7DA62} = {D168E9FA-5429-444F-A75A-EAA94B519A9C}
		{78DB09CE-CF8A-42C8-9027-82C598130BD4} = {D168E9FA-5429-444F-A75A-EAA94B519A9C}
		{C1E87809-66CE-4D79-8EF9-8567134F4F38} = {D168E9FA-5429-444F-A75A-EAA94B519A9C}
	EndGlobalSection
EndGlobal
